// !$*UTF8*$!
{
	archiveVersion = 1;
	classes = {
	};
	objectVersion = 55;
	objects = {

/* Begin PBXBuildFile section */
		803C6BF7275E34E6003E0761 /* AppDelegate.swift in Sources */ = {isa = PBXBuildFile; fileRef = 803C6BF6275E34E6003E0761 /* AppDelegate.swift */; };
		803C6C01275E34E6003E0761 /* SinglCoreDataV1.xcdatamodeld in Sources */ = {isa = PBXBuildFile; fileRef = 803C6BFF275E34E6003E0761 /* SinglCoreDataV1.xcdatamodeld */; };
		803C6C03275E34E8003E0761 /* Assets.xcassets in Resources */ = {isa = PBXBuildFile; fileRef = 803C6C02275E34E8003E0761 /* Assets.xcassets */; };
		803C6C06275E34E8003E0761 /* LaunchScreen.storyboard in Resources */ = {isa = PBXBuildFile; fileRef = 803C6C04275E34E8003E0761 /* LaunchScreen.storyboard */; };
		803C6C0F275E479C003E0761 /* AnimalsListViewController.swift in Sources */ = {isa = PBXBuildFile; fileRef = 803C6C0D275E479C003E0761 /* AnimalsListViewController.swift */; };
		803C6C10275E479C003E0761 /* AnimalsListViewController.xib in Resources */ = {isa = PBXBuildFile; fileRef = 803C6C0E275E479C003E0761 /* AnimalsListViewController.xib */; };
		803C6C13275E49CC003E0761 /* AnimalTableViewCell.swift in Sources */ = {isa = PBXBuildFile; fileRef = 803C6C11275E49CC003E0761 /* AnimalTableViewCell.swift */; };
		803C6C14275E49CC003E0761 /* AnimalTableViewCell.xib in Resources */ = {isa = PBXBuildFile; fileRef = 803C6C12275E49CC003E0761 /* AnimalTableViewCell.xib */; };
		8053B134275F9B930072D793 /* CoreData.swift in Sources */ = {isa = PBXBuildFile; fileRef = 8053B133275F9B930072D793 /* CoreData.swift */; };
/* End PBXBuildFile section */

/* Begin PBXFileReference section */
		803C6BF3275E34E6003E0761 /* SinglCoreDataV1.app */ = {isa = PBXFileReference; explicitFileType = wrapper.application; includeInIndex = 0; path = SinglCoreDataV1.app; sourceTree = BUILT_PRODUCTS_DIR; };
		803C6BF6275E34E6003E0761 /* AppDelegate.swift */ = {isa = PBXFileReference; lastKnownFileType = sourcecode.swift; path = AppDelegate.swift; sourceTree = "<group>"; };
		803C6C00275E34E6003E0761 /* SinglCoreDataV1.xcdatamodel */ = {isa = PBXFileReference; lastKnownFileType = wrapper.xcdatamodel; path = SinglCoreDataV1.xcdatamodel; sourceTree = "<group>"; };
		803C6C02275E34E8003E0761 /* Assets.xcassets */ = {isa = PBXFileReference; lastKnownFileType = folder.assetcatalog; path = Assets.xcassets; sourceTree = "<group>"; };
		803C6C05275E34E8003E0761 /* Base */ = {isa = PBXFileReference; lastKnownFileType = file.storyboard; name = Base; path = Base.lproj/LaunchScreen.storyboard; sourceTree = "<group>"; };
		803C6C07275E34E8003E0761 /* Info.plist */ = {isa = PBXFileReference; lastKnownFileType = text.plist.xml; path = Info.plist; sourceTree = "<group>"; };
		803C6C0D275E479C003E0761 /* AnimalsListViewController.swift */ = {isa = PBXFileReference; lastKnownFileType = sourcecode.swift; path = AnimalsListViewController.swift; sourceTree = "<group>"; };
		803C6C0E275E479C003E0761 /* AnimalsListViewController.xib */ = {isa = PBXFileReference; lastKnownFileType = file.xib; path = AnimalsListViewController.xib; sourceTree = "<group>"; };
		803C6C11275E49CC003E0761 /* AnimalTableViewCell.swift */ = {isa = PBXFileReference; lastKnownFileType = sourcecode.swift; path = AnimalTableViewCell.swift; sourceTree = "<group>"; };
		803C6C12275E49CC003E0761 /* AnimalTableViewCell.xib */ = {isa = PBXFileReference; lastKnownFileType = file.xib; path = AnimalTableViewCell.xib; sourceTree = "<group>"; };
		8053B133275F9B930072D793 /* CoreData.swift */ = {isa = PBXFileReference; lastKnownFileType = sourcecode.swift; path = CoreData.swift; sourceTree = "<group>"; };
/* End PBXFileReference section */

/* Begin PBXFrameworksBuildPhase section */
		803C6BF0275E34E6003E0761 /* Frameworks */ = {
			isa = PBXFrameworksBuildPhase;
			buildActionMask = 2147483647;
			files = (
			);
			runOnlyForDeploymentPostprocessing = 0;
		};
/* End PBXFrameworksBuildPhase section */

/* Begin PBXGroup section */
		803C6BEA275E34E6003E0761 = {
			isa = PBXGroup;
			children = (
				803C6BF5275E34E6003E0761 /* SinglCoreDataV1 */,
				803C6BF4275E34E6003E0761 /* Products */,
			);
			sourceTree = "<group>";
		};
		803C6BF4275E34E6003E0761 /* Products */ = {
			isa = PBXGroup;
			children = (
				803C6BF3275E34E6003E0761 /* SinglCoreDataV1.app */,
			);
			name = Products;
			sourceTree = "<group>";
		};
		803C6BF5275E34E6003E0761 /* SinglCoreDataV1 */ = {
			isa = PBXGroup;
			children = (
				803C6BF6275E34E6003E0761 /* AppDelegate.swift */,
				8053B133275F9B930072D793 /* CoreData.swift */,
				803C6C0D275E479C003E0761 /* AnimalsListViewController.swift */,
				803C6C0E275E479C003E0761 /* AnimalsListViewController.xib */,
				803C6C11275E49CC003E0761 /* AnimalTableViewCell.swift */,
				803C6C12275E49CC003E0761 /* AnimalTableViewCell.xib */,
				803C6C02275E34E8003E0761 /* Assets.xcassets */,
				803C6C04275E34E8003E0761 /* LaunchScreen.storyboard */,
				803C6C07275E34E8003E0761 /* Info.plist */,
				803C6BFF275E34E6003E0761 /* SinglCoreDataV1.xcdatamodeld */,
			);
			path = SinglCoreDataV1;
			sourceTree = "<group>";
		};
/* End PBXGroup section */

/* Begin PBXNativeTarget section */
		803C6BF2275E34E6003E0761 /* SinglCoreDataV1 */ = {
			isa = PBXNativeTarget;
			buildConfigurationList = 803C6C0A275E34E8003E0761 /* Build configuration list for PBXNativeTarget "SinglCoreDataV1" */;
			buildPhases = (
				803C6BEF275E34E6003E0761 /* Sources */,
				803C6BF0275E34E6003E0761 /* Frameworks */,
				803C6BF1275E34E6003E0761 /* Resources */,
			);
			buildRules = (
			);
			dependencies = (
			);
			name = SinglCoreDataV1;
			productName = SinglCoreDataV1;
			productReference = 803C6BF3275E34E6003E0761 /* SinglCoreDataV1.app */;
			productType = "com.apple.product-type.application";
		};
/* End PBXNativeTarget section */

/* Begin PBXProject section */
		803C6BEB275E34E6003E0761 /* Project object */ = {
			isa = PBXProject;
			attributes = {
				BuildIndependentTargetsInParallel = 1;
				LastSwiftUpdateCheck = 1310;
				LastUpgradeCheck = 1310;
				TargetAttributes = {
					803C6BF2275E34E6003E0761 = {
						CreatedOnToolsVersion = 13.1;
					};
				};
			};
			buildConfigurationList = 803C6BEE275E34E6003E0761 /* Build configuration list for PBXProject "SinglCoreDataV1" */;
			compatibilityVersion = "Xcode 13.0";
			developmentRegion = en;
			hasScannedForEncodings = 0;
			knownRegions = (
				en,
				Base,
			);
			mainGroup = 803C6BEA275E34E6003E0761;
			productRefGroup = 803C6BF4275E34E6003E0761 /* Products */;
			projectDirPath = "";
			projectRoot = "";
			targets = (
				803C6BF2275E34E6003E0761 /* SinglCoreDataV1 */,
			);
		};
/* End PBXProject section */

/* Begin PBXResourcesBuildPhase section */
		803C6BF1275E34E6003E0761 /* Resources */ = {
			isa = PBXResourcesBuildPhase;
			buildActionMask = 2147483647;
			files = (
				803C6C06275E34E8003E0761 /* LaunchScreen.storyboard in Resources */,
				803C6C14275E49CC003E0761 /* AnimalTableViewCell.xib in Resources */,
				803C6C10275E479C003E0761 /* AnimalsListViewController.xib in Resources */,
				803C6C03275E34E8003E0761 /* Assets.xcassets in Resources */,
			);
			runOnlyForDeploymentPostprocessing = 0;
		};
/* End PBXResourcesBuildPhase section */

/* Begin PBXSourcesBuildPhase section */
		803C6BEF275E34E6003E0761 /* Sources */ = {
			isa = PBXSourcesBuildPhase;
			buildActionMask = 2147483647;
			files = (
				803C6BF7275E34E6003E0761 /* AppDelegate.swift in Sources */,
				803C6C13275E49CC003E0761 /* AnimalTableViewCell.swift in Sources */,
				803C6C0F275E479C003E0761 /* AnimalsListViewController.swift in Sources */,
				803C6C01275E34E6003E0761 /* SinglCoreDataV1.xcdatamodeld in Sources */,
				8053B134275F9B930072D793 /* CoreData.swift in Sources */,
			);
			runOnlyForDeploymentPostprocessing = 0;
		};
/* End PBXSourcesBuildPhase section */

/* Begin PBXVariantGroup section */
		803C6C04275E34E8003E0761 /* LaunchScreen.storyboard */ = {
			isa = PBXVariantGroup;
			children = (
				803C6C05275E34E8003E0761 /* Base */,
			);
			name = LaunchScreen.storyboard;
			sourceTree = "<group>";
		};
/* End PBXVariantGroup section */

/* Begin XCBuildConfiguration section */
		803C6C08275E34E8003E0761 /* Debug */ = {
			isa = XCBuildConfiguration;
			buildSettings = {
				ALWAYS_SEARCH_USER_PATHS = NO;
				CLANG_ANALYZER_NONNULL = YES;
				CLANG_ANALYZER_NUMBER_OBJECT_CONVERSION = YES_AGGRESSIVE;
				CLANG_CXX_LANGUAGE_STANDARD = "gnu++17";
				CLANG_CXX_LIBRARY = "libc++";
				CLANG_ENABLE_MODULES = YES;
				CLANG_ENABLE_OBJC_ARC = YES;
				CLANG_ENABLE_OBJC_WEAK = YES;
				CLANG_WARN_BLOCK_CAPTURE_AUTORELEASING = YES;
				CLANG_WARN_BOOL_CONVERSION = YES;
				CLANG_WARN_COMMA = YES;
				CLANG_WARN_CONSTANT_CONVERSION = YES;
				CLANG_WARN_DEPRECATED_OBJC_IMPLEMENTATIONS = YES;
				CLANG_WARN_DIRECT_OBJC_ISA_USAGE = YES_ERROR;
				CLANG_WARN_DOCUMENTATION_COMMENTS = YES;
				CLANG_WARN_EMPTY_BODY = YES;
				CLANG_WARN_ENUM_CONVERSION = YES;
				CLANG_WARN_INFINITE_RECURSION = YES;
				CLANG_WARN_INT_CONVERSION = YES;
				CLANG_WARN_NON_LITERAL_NULL_CONVERSION = YES;
				CLANG_WARN_OBJC_IMPLICIT_RETAIN_SELF = YES;
				CLANG_WARN_OBJC_LITERAL_CONVERSION = YES;
				CLANG_WARN_OBJC_ROOT_CLASS = YES_ERROR;
				CLANG_WARN_QUOTED_INCLUDE_IN_FRAMEWORK_HEADER = YES;
				CLANG_WARN_RANGE_LOOP_ANALYSIS = YES;
				CLANG_WARN_STRICT_PROTOTYPES = YES;
				CLANG_WARN_SUSPICIOUS_MOVE = YES;
				CLANG_WARN_UNGUARDED_AVAILABILITY = YES_AGGRESSIVE;
				CLANG_WARN_UNREACHABLE_CODE = YES;
				CLANG_WARN__DUPLICATE_METHOD_MATCH = YES;
				COPY_PHASE_STRIP = NO;
				DEBUG_INFORMATION_FORMAT = dwarf;
				ENABLE_STRICT_OBJC_MSGSEND = YES;
				ENABLE_TESTABILITY = YES;
				GCC_C_LANGUAGE_STANDARD = gnu11;
				GCC_DYNAMIC_NO_PIC = NO;
				GCC_NO_COMMON_BLOCKS = YES;
				GCC_OPTIMIZATION_LEVEL = 0;
				GCC_PREPROCESSOR_DEFINITIONS = (
					"DEBUG=1",
					"$(inherited)",
				);
				GCC_WARN_64_TO_32_BIT_CONVERSION = YES;
				GCC_WARN_ABOUT_RETURN_TYPE = YES_ERROR;
				GCC_WARN_UNDECLARED_SELECTOR = YES;
				GCC_WARN_UNINITIALIZED_AUTOS = YES_AGGRESSIVE;
				GCC_WARN_UNUSED_FUNCTION = YES;
				GCC_WARN_UNUSED_VARIABLE = YES;
				IPHONEOS_DEPLOYMENT_TARGET = 13.0;
				MTL_ENABLE_DEBUG_INFO = INCLUDE_SOURCE;
				MTL_FAST_MATH = YES;
				ONLY_ACTIVE_ARCH = YES;
				SDKROOT = iphoneos;
				SWIFT_ACTIVE_COMPILATION_CONDITIONS = DEBUG;
				SWIFT_OPTIMIZATION_LEVEL = "-Onone";
			};
			name = Debug;
		};
		803C6C09275E34E8003E0761 /* Release */ = {
			isa = XCBuildConfiguration;
			buildSettings = {
				ALWAYS_SEARCH_USER_PATHS = NO;
				CLANG_ANALYZER_NONNULL = YES;
				CLANG_ANALYZER_NUMBER_OBJECT_CONVERSION = YES_AGGRESSIVE;
				CLANG_CXX_LANGUAGE_STANDARD = "gnu++17";
				CLANG_CXX_LIBRARY = "libc++";
				CLANG_ENABLE_MODULES = YES;
				CLANG_ENABLE_OBJC_ARC = YES;
				CLANG_ENABLE_OBJC_WEAK = YES;
				CLANG_WARN_BLOCK_CAPTURE_AUTORELEASING = YES;
				CLANG_WARN_BOOL_CONVERSION = YES;
				CLANG_WARN_COMMA = YES;
				CLANG_WARN_CONSTANT_CONVERSION = YES;
				CLANG_WARN_DEPRECATED_OBJC_IMPLEMENTATIONS = YES;
				CLANG_WARN_DIRECT_OBJC_ISA_USAGE = YES_ERROR;
				CLANG_WARN_DOCUMENTATION_COMMENTS = YES;
				CLANG_WARN_EMPTY_BODY = YES;
				CLANG_WARN_ENUM_CONVERSION = YES;
				CLANG_WARN_INFINITE_RECURSION = YES;
				CLANG_WARN_INT_CONVERSION = YES;
				CLANG_WARN_NON_LITERAL_NULL_CONVERSION = YES;
				CLANG_WARN_OBJC_IMPLICIT_RETAIN_SELF = YES;
				CLANG_WARN_OBJC_LITERAL_CONVERSION = YES;
				CLANG_WARN_OBJC_ROOT_CLASS = YES_ERROR;
				CLANG_WARN_QUOTED_INCLUDE_IN_FRAMEWORK_HEADER = YES;
				CLANG_WARN_RANGE_LOOP_ANALYSIS = YES;
				CLANG_WARN_STRICT_PROTOTYPES = YES;
				CLANG_WARN_SUSPICIOUS_MOVE = YES;
				CLANG_WARN_UNGUARDED_AVAILABILITY = YES_AGGRESSIVE;
				CLANG_WARN_UNREACHABLE_CODE = YES;
				CLANG_WARN__DUPLICATE_METHOD_MATCH = YES;
				COPY_PHASE_STRIP = NO;
				DEBUG_INFORMATION_FORMAT = "dwarf-with-dsym";
				ENABLE_NS_ASSERTIONS = NO;
				ENABLE_STRICT_OBJC_MSGSEND = YES;
				GCC_C_LANGUAGE_STANDARD = gnu11;
				GCC_NO_COMMON_BLOCKS = YES;
				GCC_WARN_64_TO_32_BIT_CONVERSION = YES;
				GCC_WARN_ABOUT_RETURN_TYPE = YES_ERROR;
				GCC_WARN_UNDECLARED_SELECTOR = YES;
				GCC_WARN_UNINITIALIZED_AUTOS = YES_AGGRESSIVE;
				GCC_WARN_UNUSED_FUNCTION = YES;
				GCC_WARN_UNUSED_VARIABLE = YES;
				IPHONEOS_DEPLOYMENT_TARGET = 13.0;
				MTL_ENABLE_DEBUG_INFO = NO;
				MTL_FAST_MATH = YES;
				SDKROOT = iphoneos;
				SWIFT_COMPILATION_MODE = wholemodule;
				SWIFT_OPTIMIZATION_LEVEL = "-O";
				VALIDATE_PRODUCT = YES;
			};
			name = Release;
		};
		803C6C0B275E34E8003E0761 /* Debug */ = {
			isa = XCBuildConfiguration;
			buildSettings = {
				ASSETCATALOG_COMPILER_APPICON_NAME = AppIcon;
				ASSETCATALOG_COMPILER_GLOBAL_ACCENT_COLOR_NAME = AccentColor;
				CODE_SIGN_STYLE = Automatic;
				CURRENT_PROJECT_VERSION = 1;
				DEVELOPMENT_TEAM = LFK66LU3C4;
				GENERATE_INFOPLIST_FILE = YES;
				INFOPLIST_FILE = SinglCoreDataV1/Info.plist;
				INFOPLIST_KEY_UIApplicationSupportsIndirectInputEvents = YES;
				INFOPLIST_KEY_UILaunchStoryboardName = LaunchScreen;
				INFOPLIST_KEY_UISupportedInterfaceOrientations_iPad = "UIInterfaceOrientationPortrait UIInterfaceOrientationPortraitUpsideDown UIInterfaceOrientationLandscapeLeft UIInterfaceOrientationLandscapeRight";
				INFOPLIST_KEY_UISupportedInterfaceOrientations_iPhone = "UIInterfaceOrientationPortrait UIInterfaceOrientationLandscapeLeft UIInterfaceOrientationLandscapeRight";
				LD_RUNPATH_SEARCH_PATHS = (
					"$(inherited)",
					"@executable_path/Frameworks",
				);
				MARKETING_VERSION = 1.0;
				PRODUCT_BUNDLE_IDENTIFIER = test.SinglCoreDataV1;
				PRODUCT_NAME = "$(TARGET_NAME)";
				SWIFT_EMIT_LOC_STRINGS = YES;
				SWIFT_VERSION = 5.0;
				TARGETED_DEVICE_FAMILY = 1;
			};
			name = Debug;
		};
		803C6C0C275E34E8003E0761 /* Release */ = {
			isa = XCBuildConfiguration;
			buildSettings = {
				ASSETCATALOG_COMPILER_APPICON_NAME = AppIcon;
				ASSETCATALOG_COMPILER_GLOBAL_ACCENT_COLOR_NAME = AccentColor;
				CODE_SIGN_STYLE = Automatic;
				CURRENT_PROJECT_VERSION = 1;
				DEVELOPMENT_TEAM = LFK66LU3C4;
				GENERATE_INFOPLIST_FILE = YES;
				INFOPLIST_FILE = SinglCoreDataV1/Info.plist;
				INFOPLIST_KEY_UIApplicationSupportsIndirectInputEvents = YES;
				INFOPLIST_KEY_UILaunchStoryboardName = LaunchScreen;
				INFOPLIST_KEY_UISupportedInterfaceOrientations_iPad = "UIInterfaceOrientationPortrait UIInterfaceOrientationPortraitUpsideDown UIInterfaceOrientationLandscapeLeft UIInterfaceOrientationLandscapeRight";
				INFOPLIST_KEY_UISupportedInterfaceOrientations_iPhone = "UIInterfaceOrientationPortrait UIInterfaceOrientationLandscapeLeft UIInterfaceOrientationLandscapeRight";
				LD_RUNPATH_SEARCH_PATHS = (
					"$(inherited)",
					"@executable_path/Frameworks",
				);
				MARKETING_VERSION = 1.0;
				PRODUCT_BUNDLE_IDENTIFIER = test.SinglCoreDataV1;
				PRODUCT_NAME = "$(TARGET_NAME)";
				SWIFT_EMIT_LOC_STRINGS = YES;
				SWIFT_VERSION = 5.0;
				TARGETED_DEVICE_FAMILY = 1;
			};
			name = Release;
		};
/* End XCBuildConfiguration section */

/* Begin XCConfigurationList section */
		803C6BEE275E34E6003E0761 /* Build configuration list for PBXProject "SinglCoreDataV1" */ = {
			isa = XCConfigurationList;
			buildConfigurations = (
				803C6C08275E34E8003E0761 /* Debug */,
				803C6C09275E34E8003E0761 /* Release */,
			);
			defaultConfigurationIsVisible = 0;
			defaultConfigurationName = Release;
		};
		803C6C0A275E34E8003E0761 /* Build configuration list for PBXNativeTarget "SinglCoreDataV1" */ = {
			isa = XCConfigurationList;
			buildConfigurations = (
				803C6C0B275E34E8003E0761 /* Debug */,
				803C6C0C275E34E8003E0761 /* Release */,
			);
			defaultConfigurationIsVisible = 0;
			defaultConfigurationName = Release;
		};
/* End XCConfigurationList section */

/* Begin XCVersionGroup section */
		803C6BFF275E34E6003E0761 /* SinglCoreDataV1.xcdatamodeld */ = {
			isa = XCVersionGroup;
			children = (
				803C6C00275E34E6003E0761 /* SinglCoreDataV1.xcdatamodel */,
			);
			currentVersion = 803C6C00275E34E6003E0761 /* SinglCoreDataV1.xcdatamodel */;
			path = SinglCoreDataV1.xcdatamodeld;
			sourceTree = "<group>";
			versionGroupType = wrapper.xcdatamodel;
		};
/* End XCVersionGroup section */
	};
	rootObject = 803C6BEB275E34E6003E0761 /* Project object */;
}
