// !$*UTF8*$!
{
	archiveVersion = 1;
	classes = {
	};
	objectVersion = 55;
	objects = {

/* Begin PBXBuildFile section */
		1D990C1D2785A04F0091D63B /* RealmProvider.swift in Sources */ = {isa = PBXBuildFile; fileRef = 1D990C1C2785A04F0091D63B /* RealmProvider.swift */; };
		1DA1B528279826B000BE257E /* AddCityViewController.swift in Sources */ = {isa = PBXBuildFile; fileRef = 1DA1B526279826B000BE257E /* AddCityViewController.swift */; };
		1DA1B529279826B000BE257E /* AddCityViewController.xib in Resources */ = {isa = PBXBuildFile; fileRef = 1DA1B527279826B000BE257E /* AddCityViewController.xib */; };
		1DA3182A2785C8AF00B1B1A3 /* ItemViewController.swift in Sources */ = {isa = PBXBuildFile; fileRef = 1DA318282785C8AF00B1B1A3 /* ItemViewController.swift */; };
		1DA3182B2785C8AF00B1B1A3 /* ItemViewController.xib in Resources */ = {isa = PBXBuildFile; fileRef = 1DA318292785C8AF00B1B1A3 /* ItemViewController.xib */; };
		1DA3182D2785CF0400B1B1A3 /* ItemTableView.swift in Sources */ = {isa = PBXBuildFile; fileRef = 1DA3182C2785CF0400B1B1A3 /* ItemTableView.swift */; };
		1DA318302785CF6F00B1B1A3 /* ItemTableViewCell.swift in Sources */ = {isa = PBXBuildFile; fileRef = 1DA3182E2785CF6F00B1B1A3 /* ItemTableViewCell.swift */; };
		1DA318312785CF6F00B1B1A3 /* ItemTableViewCell.xib in Resources */ = {isa = PBXBuildFile; fileRef = 1DA3182F2785CF6F00B1B1A3 /* ItemTableViewCell.xib */; };
		1DA318332785D10000B1B1A3 /* ItemPresenter.swift in Sources */ = {isa = PBXBuildFile; fileRef = 1DA318322785D10000B1B1A3 /* ItemPresenter.swift */; };
		1DA318352785D12400B1B1A3 /* ItemInteractor.swift in Sources */ = {isa = PBXBuildFile; fileRef = 1DA318342785D12400B1B1A3 /* ItemInteractor.swift */; };
		1DA318372785D13D00B1B1A3 /* ItemRouter.swift in Sources */ = {isa = PBXBuildFile; fileRef = 1DA318362785D13D00B1B1A3 /* ItemRouter.swift */; };
		1DA318392785D15700B1B1A3 /* ItemConfigurator.swift in Sources */ = {isa = PBXBuildFile; fileRef = 1DA318382785D15700B1B1A3 /* ItemConfigurator.swift */; };
		1DA3183B2785D17100B1B1A3 /* ItemProtocols.swift in Sources */ = {isa = PBXBuildFile; fileRef = 1DA3183A2785D17100B1B1A3 /* ItemProtocols.swift */; };
		1DA85E1E2796E18000870EB1 /* StartViewController.swift in Sources */ = {isa = PBXBuildFile; fileRef = 1DA85E1C2796E18000870EB1 /* StartViewController.swift */; };
		1DA85E1F2796E18000870EB1 /* StartViewController.xib in Resources */ = {isa = PBXBuildFile; fileRef = 1DA85E1D2796E18000870EB1 /* StartViewController.xib */; };
		1DA85E23279811D900870EB1 /* CityViewController.swift in Sources */ = {isa = PBXBuildFile; fileRef = 1DA85E21279811D900870EB1 /* CityViewController.swift */; };
		1DA85E24279811D900870EB1 /* CityViewController.xib in Resources */ = {isa = PBXBuildFile; fileRef = 1DA85E22279811D900870EB1 /* CityViewController.xib */; };
		1DA85E272798141100870EB1 /* CityTableView.swift in Sources */ = {isa = PBXBuildFile; fileRef = 1DA85E262798141100870EB1 /* CityTableView.swift */; };
		1DA85E2A2798143E00870EB1 /* CityTableViewCell.swift in Sources */ = {isa = PBXBuildFile; fileRef = 1DA85E282798143E00870EB1 /* CityTableViewCell.swift */; };
		1DA85E2B2798143E00870EB1 /* CityTableViewCell.xib in Resources */ = {isa = PBXBuildFile; fileRef = 1DA85E292798143E00870EB1 /* CityTableViewCell.xib */; };
		1DA85E2D2798176E00870EB1 /* FBProvider.swift in Sources */ = {isa = PBXBuildFile; fileRef = 1DA85E2C2798176E00870EB1 /* FBProvider.swift */; };
		1DA85E2F279818FC00870EB1 /* GoogleService-Info.plist in Resources */ = {isa = PBXBuildFile; fileRef = 1DA85E2E279818FC00870EB1 /* GoogleService-Info.plist */; };
		1DF989032773671900C93BB6 /* AnimalPresenter.swift in Sources */ = {isa = PBXBuildFile; fileRef = 1DF989022773671900C93BB6 /* AnimalPresenter.swift */; };
		1DF989052773673A00C93BB6 /* AnimalInteractor.swift in Sources */ = {isa = PBXBuildFile; fileRef = 1DF989042773673A00C93BB6 /* AnimalInteractor.swift */; };
		1DF989072773675300C93BB6 /* AnimalRouter.swift in Sources */ = {isa = PBXBuildFile; fileRef = 1DF989062773675300C93BB6 /* AnimalRouter.swift */; };
		1DF989092773677E00C93BB6 /* AnimalConfigurator.swift in Sources */ = {isa = PBXBuildFile; fileRef = 1DF989082773677E00C93BB6 /* AnimalConfigurator.swift */; };
		1DF9890B2773679200C93BB6 /* AnimalProtocols.swift in Sources */ = {isa = PBXBuildFile; fileRef = 1DF9890A2773679200C93BB6 /* AnimalProtocols.swift */; };
		5099BCAEA193E747CFCBBB12 /* Pods_SinglCoreDataV1.framework in Frameworks */ = {isa = PBXBuildFile; fileRef = 1C103570BB6F193FCCEF55C8 /* Pods_SinglCoreDataV1.framework */; };
		803C6BF7275E34E6003E0761 /* AppDelegate.swift in Sources */ = {isa = PBXBuildFile; fileRef = 803C6BF6275E34E6003E0761 /* AppDelegate.swift */; };
		803C6C01275E34E6003E0761 /* SinglCoreDataV1.xcdatamodeld in Sources */ = {isa = PBXBuildFile; fileRef = 803C6BFF275E34E6003E0761 /* SinglCoreDataV1.xcdatamodeld */; };
		803C6C03275E34E8003E0761 /* Assets.xcassets in Resources */ = {isa = PBXBuildFile; fileRef = 803C6C02275E34E8003E0761 /* Assets.xcassets */; };
		803C6C06275E34E8003E0761 /* LaunchScreen.storyboard in Resources */ = {isa = PBXBuildFile; fileRef = 803C6C04275E34E8003E0761 /* LaunchScreen.storyboard */; };
		803C6C0F275E479C003E0761 /* AnimalsListViewController.swift in Sources */ = {isa = PBXBuildFile; fileRef = 803C6C0D275E479C003E0761 /* AnimalsListViewController.swift */; };
		803C6C10275E479C003E0761 /* AnimalsListViewController.xib in Resources */ = {isa = PBXBuildFile; fileRef = 803C6C0E275E479C003E0761 /* AnimalsListViewController.xib */; };
		803C6C13275E49CC003E0761 /* AnimalTableViewCell.swift in Sources */ = {isa = PBXBuildFile; fileRef = 803C6C11275E49CC003E0761 /* AnimalTableViewCell.swift */; };
		803C6C14275E49CC003E0761 /* AnimalTableViewCell.xib in Resources */ = {isa = PBXBuildFile; fileRef = 803C6C12275E49CC003E0761 /* AnimalTableViewCell.xib */; };
		8053B134275F9B930072D793 /* CoreData.swift in Sources */ = {isa = PBXBuildFile; fileRef = 8053B133275F9B930072D793 /* CoreData.swift */; };
		8053B13627623D9E0072D793 /* CoreDataProvider.swift in Sources */ = {isa = PBXBuildFile; fileRef = 8053B13527623D9D0072D793 /* CoreDataProvider.swift */; };
		805C14B1276A1E0C00C03737 /* AnimalsTableView.swift in Sources */ = {isa = PBXBuildFile; fileRef = 805C14B0276A1E0C00C03737 /* AnimalsTableView.swift */; };
/* End PBXBuildFile section */

/* Begin PBXFileReference section */
		1C103570BB6F193FCCEF55C8 /* Pods_SinglCoreDataV1.framework */ = {isa = PBXFileReference; explicitFileType = wrapper.framework; includeInIndex = 0; path = Pods_SinglCoreDataV1.framework; sourceTree = BUILT_PRODUCTS_DIR; };
		1D990C1C2785A04F0091D63B /* RealmProvider.swift */ = {isa = PBXFileReference; fileEncoding = 4; lastKnownFileType = sourcecode.swift; path = RealmProvider.swift; sourceTree = "<group>"; };
		1DA1B526279826B000BE257E /* AddCityViewController.swift */ = {isa = PBXFileReference; lastKnownFileType = sourcecode.swift; path = AddCityViewController.swift; sourceTree = "<group>"; };
		1DA1B527279826B000BE257E /* AddCityViewController.xib */ = {isa = PBXFileReference; lastKnownFileType = file.xib; path = AddCityViewController.xib; sourceTree = "<group>"; };
		1DA318282785C8AF00B1B1A3 /* ItemViewController.swift */ = {isa = PBXFileReference; lastKnownFileType = sourcecode.swift; path = ItemViewController.swift; sourceTree = "<group>"; };
		1DA318292785C8AF00B1B1A3 /* ItemViewController.xib */ = {isa = PBXFileReference; lastKnownFileType = file.xib; path = ItemViewController.xib; sourceTree = "<group>"; };
		1DA3182C2785CF0400B1B1A3 /* ItemTableView.swift */ = {isa = PBXFileReference; lastKnownFileType = sourcecode.swift; path = ItemTableView.swift; sourceTree = "<group>"; };
		1DA3182E2785CF6F00B1B1A3 /* ItemTableViewCell.swift */ = {isa = PBXFileReference; lastKnownFileType = sourcecode.swift; path = ItemTableViewCell.swift; sourceTree = "<group>"; };
		1DA3182F2785CF6F00B1B1A3 /* ItemTableViewCell.xib */ = {isa = PBXFileReference; lastKnownFileType = file.xib; path = ItemTableViewCell.xib; sourceTree = "<group>"; };
		1DA318322785D10000B1B1A3 /* ItemPresenter.swift */ = {isa = PBXFileReference; lastKnownFileType = sourcecode.swift; path = ItemPresenter.swift; sourceTree = "<group>"; };
		1DA318342785D12400B1B1A3 /* ItemInteractor.swift */ = {isa = PBXFileReference; lastKnownFileType = sourcecode.swift; path = ItemInteractor.swift; sourceTree = "<group>"; };
		1DA318362785D13D00B1B1A3 /* ItemRouter.swift */ = {isa = PBXFileReference; lastKnownFileType = sourcecode.swift; path = ItemRouter.swift; sourceTree = "<group>"; };
		1DA318382785D15700B1B1A3 /* ItemConfigurator.swift */ = {isa = PBXFileReference; lastKnownFileType = sourcecode.swift; path = ItemConfigurator.swift; sourceTree = "<group>"; };
		1DA3183A2785D17100B1B1A3 /* ItemProtocols.swift */ = {isa = PBXFileReference; lastKnownFileType = sourcecode.swift; path = ItemProtocols.swift; sourceTree = "<group>"; };
		1DA85E1C2796E18000870EB1 /* StartViewController.swift */ = {isa = PBXFileReference; lastKnownFileType = sourcecode.swift; path = StartViewController.swift; sourceTree = "<group>"; };
		1DA85E1D2796E18000870EB1 /* StartViewController.xib */ = {isa = PBXFileReference; lastKnownFileType = file.xib; path = StartViewController.xib; sourceTree = "<group>"; };
		1DA85E21279811D900870EB1 /* CityViewController.swift */ = {isa = PBXFileReference; lastKnownFileType = sourcecode.swift; path = CityViewController.swift; sourceTree = "<group>"; };
		1DA85E22279811D900870EB1 /* CityViewController.xib */ = {isa = PBXFileReference; lastKnownFileType = file.xib; path = CityViewController.xib; sourceTree = "<group>"; };
		1DA85E262798141100870EB1 /* CityTableView.swift */ = {isa = PBXFileReference; lastKnownFileType = sourcecode.swift; path = CityTableView.swift; sourceTree = "<group>"; };
		1DA85E282798143E00870EB1 /* CityTableViewCell.swift */ = {isa = PBXFileReference; lastKnownFileType = sourcecode.swift; path = CityTableViewCell.swift; sourceTree = "<group>"; };
		1DA85E292798143E00870EB1 /* CityTableViewCell.xib */ = {isa = PBXFileReference; lastKnownFileType = file.xib; path = CityTableViewCell.xib; sourceTree = "<group>"; };
		1DA85E2C2798176E00870EB1 /* FBProvider.swift */ = {isa = PBXFileReference; lastKnownFileType = sourcecode.swift; path = FBProvider.swift; sourceTree = "<group>"; };
		1DA85E2E279818FC00870EB1 /* GoogleService-Info.plist */ = {isa = PBXFileReference; fileEncoding = 4; lastKnownFileType = text.plist.xml; path = "GoogleService-Info.plist"; sourceTree = "<group>"; };
		1DF989022773671900C93BB6 /* AnimalPresenter.swift */ = {isa = PBXFileReference; lastKnownFileType = sourcecode.swift; path = AnimalPresenter.swift; sourceTree = "<group>"; };
		1DF989042773673A00C93BB6 /* AnimalInteractor.swift */ = {isa = PBXFileReference; lastKnownFileType = sourcecode.swift; path = AnimalInteractor.swift; sourceTree = "<group>"; };
		1DF989062773675300C93BB6 /* AnimalRouter.swift */ = {isa = PBXFileReference; lastKnownFileType = sourcecode.swift; path = AnimalRouter.swift; sourceTree = "<group>"; };
		1DF989082773677E00C93BB6 /* AnimalConfigurator.swift */ = {isa = PBXFileReference; lastKnownFileType = sourcecode.swift; path = AnimalConfigurator.swift; sourceTree = "<group>"; };
		1DF9890A2773679200C93BB6 /* AnimalProtocols.swift */ = {isa = PBXFileReference; lastKnownFileType = sourcecode.swift; path = AnimalProtocols.swift; sourceTree = "<group>"; };
		803C6BF3275E34E6003E0761 /* SinglCoreDataV1.app */ = {isa = PBXFileReference; explicitFileType = wrapper.application; includeInIndex = 0; path = SinglCoreDataV1.app; sourceTree = BUILT_PRODUCTS_DIR; };
		803C6BF6275E34E6003E0761 /* AppDelegate.swift */ = {isa = PBXFileReference; lastKnownFileType = sourcecode.swift; path = AppDelegate.swift; sourceTree = "<group>"; };
		803C6C00275E34E6003E0761 /* SinglCoreDataV1.xcdatamodel */ = {isa = PBXFileReference; lastKnownFileType = wrapper.xcdatamodel; path = SinglCoreDataV1.xcdatamodel; sourceTree = "<group>"; };
		803C6C02275E34E8003E0761 /* Assets.xcassets */ = {isa = PBXFileReference; lastKnownFileType = folder.assetcatalog; path = Assets.xcassets; sourceTree = "<group>"; };
		803C6C05275E34E8003E0761 /* Base */ = {isa = PBXFileReference; lastKnownFileType = file.storyboard; name = Base; path = Base.lproj/LaunchScreen.storyboard; sourceTree = "<group>"; };
		803C6C07275E34E8003E0761 /* Info.plist */ = {isa = PBXFileReference; lastKnownFileType = text.plist.xml; path = Info.plist; sourceTree = "<group>"; };
		803C6C0D275E479C003E0761 /* AnimalsListViewController.swift */ = {isa = PBXFileReference; lastKnownFileType = sourcecode.swift; path = AnimalsListViewController.swift; sourceTree = "<group>"; };
		803C6C0E275E479C003E0761 /* AnimalsListViewController.xib */ = {isa = PBXFileReference; lastKnownFileType = file.xib; path = AnimalsListViewController.xib; sourceTree = "<group>"; };
		803C6C11275E49CC003E0761 /* AnimalTableViewCell.swift */ = {isa = PBXFileReference; lastKnownFileType = sourcecode.swift; path = AnimalTableViewCell.swift; sourceTree = "<group>"; };
		803C6C12275E49CC003E0761 /* AnimalTableViewCell.xib */ = {isa = PBXFileReference; lastKnownFileType = file.xib; path = AnimalTableViewCell.xib; sourceTree = "<group>"; };
		8053B133275F9B930072D793 /* CoreData.swift */ = {isa = PBXFileReference; lastKnownFileType = sourcecode.swift; path = CoreData.swift; sourceTree = "<group>"; };
		8053B13527623D9D0072D793 /* CoreDataProvider.swift */ = {isa = PBXFileReference; lastKnownFileType = sourcecode.swift; path = CoreDataProvider.swift; sourceTree = "<group>"; };
		805C14B0276A1E0C00C03737 /* AnimalsTableView.swift */ = {isa = PBXFileReference; lastKnownFileType = sourcecode.swift; path = AnimalsTableView.swift; sourceTree = "<group>"; };
		AD3E76D363A2581604A91E12 /* Pods-SinglCoreDataV1.debug.xcconfig */ = {isa = PBXFileReference; includeInIndex = 1; lastKnownFileType = text.xcconfig; name = "Pods-SinglCoreDataV1.debug.xcconfig"; path = "Target Support Files/Pods-SinglCoreDataV1/Pods-SinglCoreDataV1.debug.xcconfig"; sourceTree = "<group>"; };
		BFF86C4C76D625440CFE35C0 /* Pods-SinglCoreDataV1.release.xcconfig */ = {isa = PBXFileReference; includeInIndex = 1; lastKnownFileType = text.xcconfig; name = "Pods-SinglCoreDataV1.release.xcconfig"; path = "Target Support Files/Pods-SinglCoreDataV1/Pods-SinglCoreDataV1.release.xcconfig"; sourceTree = "<group>"; };
/* End PBXFileReference section */

/* Begin PBXFrameworksBuildPhase section */
		803C6BF0275E34E6003E0761 /* Frameworks */ = {
			isa = PBXFrameworksBuildPhase;
			buildActionMask = 2147483647;
			files = (
				5099BCAEA193E747CFCBBB12 /* Pods_SinglCoreDataV1.framework in Frameworks */,
			);
			runOnlyForDeploymentPostprocessing = 0;
		};
/* End PBXFrameworksBuildPhase section */

/* Begin PBXGroup section */
		1D2146592779C5BE00A75F69 /* Viper */ = {
			isa = PBXGroup;
			children = (
				803C6C0D275E479C003E0761 /* AnimalsListViewController.swift */,
				1DF989022773671900C93BB6 /* AnimalPresenter.swift */,
				1DF989042773673A00C93BB6 /* AnimalInteractor.swift */,
				1DF989062773675300C93BB6 /* AnimalRouter.swift */,
				1DF989082773677E00C93BB6 /* AnimalConfigurator.swift */,
				1DF9890A2773679200C93BB6 /* AnimalProtocols.swift */,
			);
			path = Viper;
			sourceTree = "<group>";
		};
		1DA318262785C60800B1B1A3 /* Animal */ = {
			isa = PBXGroup;
			children = (
				1D2146592779C5BE00A75F69 /* Viper */,
				805C14B0276A1E0C00C03737 /* AnimalsTableView.swift */,
				803C6C0E275E479C003E0761 /* AnimalsListViewController.xib */,
				803C6C11275E49CC003E0761 /* AnimalTableViewCell.swift */,
				803C6C12275E49CC003E0761 /* AnimalTableViewCell.xib */,
			);
			path = Animal;
			sourceTree = "<group>";
		};
		1DA318272785C87E00B1B1A3 /* Item */ = {
			isa = PBXGroup;
			children = (
				1DA3183C2785D19700B1B1A3 /* Viper */,
				1DA318292785C8AF00B1B1A3 /* ItemViewController.xib */,
				1DA3182C2785CF0400B1B1A3 /* ItemTableView.swift */,
				1DA3182E2785CF6F00B1B1A3 /* ItemTableViewCell.swift */,
				1DA3182F2785CF6F00B1B1A3 /* ItemTableViewCell.xib */,
			);
			path = Item;
			sourceTree = "<group>";
		};
		1DA3183C2785D19700B1B1A3 /* Viper */ = {
			isa = PBXGroup;
			children = (
				1DA318282785C8AF00B1B1A3 /* ItemViewController.swift */,
				1DA318322785D10000B1B1A3 /* ItemPresenter.swift */,
				1DA318342785D12400B1B1A3 /* ItemInteractor.swift */,
				1DA318362785D13D00B1B1A3 /* ItemRouter.swift */,
				1DA318382785D15700B1B1A3 /* ItemConfigurator.swift */,
				1DA3183A2785D17100B1B1A3 /* ItemProtocols.swift */,
			);
			path = Viper;
			sourceTree = "<group>";
		};
		1DA85E202796E18E00870EB1 /* StartVC */ = {
			isa = PBXGroup;
			children = (
				1DA85E1C2796E18000870EB1 /* StartViewController.swift */,
				1DA85E1D2796E18000870EB1 /* StartViewController.xib */,
			);
			path = StartVC;
			sourceTree = "<group>";
		};
		1DA85E25279811E200870EB1 /* City */ = {
			isa = PBXGroup;
			children = (
				1DA85E21279811D900870EB1 /* CityViewController.swift */,
				1DA85E22279811D900870EB1 /* CityViewController.xib */,
				1DA85E262798141100870EB1 /* CityTableView.swift */,
				1DA85E282798143E00870EB1 /* CityTableViewCell.swift */,
				1DA85E292798143E00870EB1 /* CityTableViewCell.xib */,
				1DA1B526279826B000BE257E /* AddCityViewController.swift */,
				1DA1B527279826B000BE257E /* AddCityViewController.xib */,
			);
			path = City;
			sourceTree = "<group>";
		};
		2329989AE2FF5627A9DFE4F6 /* Frameworks */ = {
			isa = PBXGroup;
			children = (
				1C103570BB6F193FCCEF55C8 /* Pods_SinglCoreDataV1.framework */,
			);
			name = Frameworks;
			sourceTree = "<group>";
		};
		803C6BEA275E34E6003E0761 = {
			isa = PBXGroup;
			children = (
				803C6BF5275E34E6003E0761 /* SinglCoreDataV1 */,
				803C6BF4275E34E6003E0761 /* Products */,
				A014AB584166F3DD4763CCE4 /* Pods */,
				2329989AE2FF5627A9DFE4F6 /* Frameworks */,
			);
			sourceTree = "<group>";
		};
		803C6BF4275E34E6003E0761 /* Products */ = {
			isa = PBXGroup;
			children = (
				803C6BF3275E34E6003E0761 /* SinglCoreDataV1.app */,
			);
			name = Products;
			sourceTree = "<group>";
		};
		803C6BF5275E34E6003E0761 /* SinglCoreDataV1 */ = {
			isa = PBXGroup;
			children = (
				803C6BF6275E34E6003E0761 /* AppDelegate.swift */,
				8053B133275F9B930072D793 /* CoreData.swift */,
				8053B13527623D9D0072D793 /* CoreDataProvider.swift */,
				1D990C1C2785A04F0091D63B /* RealmProvider.swift */,
				1DA85E2C2798176E00870EB1 /* FBProvider.swift */,
				1DA85E202796E18E00870EB1 /* StartVC */,
				1DA318272785C87E00B1B1A3 /* Item */,
				1DA318262785C60800B1B1A3 /* Animal */,
				1DA85E25279811E200870EB1 /* City */,
				803C6C02275E34E8003E0761 /* Assets.xcassets */,
				803C6C04275E34E8003E0761 /* LaunchScreen.storyboard */,
				1DA85E2E279818FC00870EB1 /* GoogleService-Info.plist */,
				803C6C07275E34E8003E0761 /* Info.plist */,
				803C6BFF275E34E6003E0761 /* SinglCoreDataV1.xcdatamodeld */,
			);
			path = SinglCoreDataV1;
			sourceTree = "<group>";
		};
		A014AB584166F3DD4763CCE4 /* Pods */ = {
			isa = PBXGroup;
			children = (
				AD3E76D363A2581604A91E12 /* Pods-SinglCoreDataV1.debug.xcconfig */,
				BFF86C4C76D625440CFE35C0 /* Pods-SinglCoreDataV1.release.xcconfig */,
			);
			path = Pods;
			sourceTree = "<group>";
		};
/* End PBXGroup section */

/* Begin PBXNativeTarget section */
		803C6BF2275E34E6003E0761 /* SinglCoreDataV1 */ = {
			isa = PBXNativeTarget;
			buildConfigurationList = 803C6C0A275E34E8003E0761 /* Build configuration list for PBXNativeTarget "SinglCoreDataV1" */;
			buildPhases = (
				C03781B14D1CB6AEAB44BBC7 /* [CP] Check Pods Manifest.lock */,
				803C6BEF275E34E6003E0761 /* Sources */,
				803C6BF0275E34E6003E0761 /* Frameworks */,
				803C6BF1275E34E6003E0761 /* Resources */,
				BF735F0D9374F469E843E47C /* [CP] Embed Pods Frameworks */,
			);
			buildRules = (
			);
			dependencies = (
			);
			name = SinglCoreDataV1;
			productName = SinglCoreDataV1;
			productReference = 803C6BF3275E34E6003E0761 /* SinglCoreDataV1.app */;
			productType = "com.apple.product-type.application";
		};
/* End PBXNativeTarget section */

/* Begin PBXProject section */
		803C6BEB275E34E6003E0761 /* Project object */ = {
			isa = PBXProject;
			attributes = {
				BuildIndependentTargetsInParallel = 1;
				LastSwiftUpdateCheck = 1310;
				LastUpgradeCheck = 1310;
				TargetAttributes = {
					803C6BF2275E34E6003E0761 = {
						CreatedOnToolsVersion = 13.1;
					};
				};
			};
			buildConfigurationList = 803C6BEE275E34E6003E0761 /* Build configuration list for PBXProject "SinglCoreDataV1" */;
			compatibilityVersion = "Xcode 13.0";
			developmentRegion = en;
			hasScannedForEncodings = 0;
			knownRegions = (
				en,
				Base,
			);
			mainGroup = 803C6BEA275E34E6003E0761;
			productRefGroup = 803C6BF4275E34E6003E0761 /* Products */;
			projectDirPath = "";
			projectRoot = "";
			targets = (
				803C6BF2275E34E6003E0761 /* SinglCoreDataV1 */,
			);
		};
/* End PBXProject section */

/* Begin PBXResourcesBuildPhase section */
		803C6BF1275E34E6003E0761 /* Resources */ = {
			isa = PBXResourcesBuildPhase;
			buildActionMask = 2147483647;
			files = (
				803C6C06275E34E8003E0761 /* LaunchScreen.storyboard in Resources */,
				1DA85E1F2796E18000870EB1 /* StartViewController.xib in Resources */,
				803C6C14275E49CC003E0761 /* AnimalTableViewCell.xib in Resources */,
				1DA3182B2785C8AF00B1B1A3 /* ItemViewController.xib in Resources */,
				803C6C10275E479C003E0761 /* AnimalsListViewController.xib in Resources */,
				1DA318312785CF6F00B1B1A3 /* ItemTableViewCell.xib in Resources */,
				803C6C03275E34E8003E0761 /* Assets.xcassets in Resources */,
				1DA85E2F279818FC00870EB1 /* GoogleService-Info.plist in Resources */,
				1DA1B529279826B000BE257E /* AddCityViewController.xib in Resources */,
				1DA85E2B2798143E00870EB1 /* CityTableViewCell.xib in Resources */,
				1DA85E24279811D900870EB1 /* CityViewController.xib in Resources */,
			);
			runOnlyForDeploymentPostprocessing = 0;
		};
/* End PBXResourcesBuildPhase section */

/* Begin PBXShellScriptBuildPhase section */
		BF735F0D9374F469E843E47C /* [CP] Embed Pods Frameworks */ = {
			isa = PBXShellScriptBuildPhase;
			buildActionMask = 2147483647;
			files = (
			);
			inputFileListPaths = (
				"${PODS_ROOT}/Target Support Files/Pods-SinglCoreDataV1/Pods-SinglCoreDataV1-frameworks-${CONFIGURATION}-input-files.xcfilelist",
			);
			name = "[CP] Embed Pods Frameworks";
			outputFileListPaths = (
				"${PODS_ROOT}/Target Support Files/Pods-SinglCoreDataV1/Pods-SinglCoreDataV1-frameworks-${CONFIGURATION}-output-files.xcfilelist",
			);
			runOnlyForDeploymentPostprocessing = 0;
			shellPath = /bin/sh;
			shellScript = "\"${PODS_ROOT}/Target Support Files/Pods-SinglCoreDataV1/Pods-SinglCoreDataV1-frameworks.sh\"\n";
			showEnvVarsInLog = 0;
		};
		C03781B14D1CB6AEAB44BBC7 /* [CP] Check Pods Manifest.lock */ = {
			isa = PBXShellScriptBuildPhase;
			buildActionMask = 2147483647;
			files = (
			);
			inputFileListPaths = (
			);
			inputPaths = (
				"${PODS_PODFILE_DIR_PATH}/Podfile.lock",
				"${PODS_ROOT}/Manifest.lock",
			);
			name = "[CP] Check Pods Manifest.lock";
			outputFileListPaths = (
			);
			outputPaths = (
				"$(DERIVED_FILE_DIR)/Pods-SinglCoreDataV1-checkManifestLockResult.txt",
			);
			runOnlyForDeploymentPostprocessing = 0;
			shellPath = /bin/sh;
			shellScript = "diff \"${PODS_PODFILE_DIR_PATH}/Podfile.lock\" \"${PODS_ROOT}/Manifest.lock\" > /dev/null\nif [ $? != 0 ] ; then\n    # print error to STDERR\n    echo \"error: The sandbox is not in sync with the Podfile.lock. Run 'pod install' or update your CocoaPods installation.\" >&2\n    exit 1\nfi\n# This output is used by Xcode 'outputs' to avoid re-running this script phase.\necho \"SUCCESS\" > \"${SCRIPT_OUTPUT_FILE_0}\"\n";
			showEnvVarsInLog = 0;
		};
/* End PBXShellScriptBuildPhase section */

/* Begin PBXSourcesBuildPhase section */
		803C6BEF275E34E6003E0761 /* Sources */ = {
			isa = PBXSourcesBuildPhase;
			buildActionMask = 2147483647;
			files = (
				1DF989072773675300C93BB6 /* AnimalRouter.swift in Sources */,
				1DA3182D2785CF0400B1B1A3 /* ItemTableView.swift in Sources */,
				1DA85E2D2798176E00870EB1 /* FBProvider.swift in Sources */,
				1DA85E2A2798143E00870EB1 /* CityTableViewCell.swift in Sources */,
				803C6BF7275E34E6003E0761 /* AppDelegate.swift in Sources */,
				1DA318392785D15700B1B1A3 /* ItemConfigurator.swift in Sources */,
				805C14B1276A1E0C00C03737 /* AnimalsTableView.swift in Sources */,
				1DA85E1E2796E18000870EB1 /* StartViewController.swift in Sources */,
				1DA3183B2785D17100B1B1A3 /* ItemProtocols.swift in Sources */,
				1DA318302785CF6F00B1B1A3 /* ItemTableViewCell.swift in Sources */,
				1DF989092773677E00C93BB6 /* AnimalConfigurator.swift in Sources */,
				1DF989032773671900C93BB6 /* AnimalPresenter.swift in Sources */,
				1D990C1D2785A04F0091D63B /* RealmProvider.swift in Sources */,
				1DA318372785D13D00B1B1A3 /* ItemRouter.swift in Sources */,
				803C6C13275E49CC003E0761 /* AnimalTableViewCell.swift in Sources */,
				1DA318352785D12400B1B1A3 /* ItemInteractor.swift in Sources */,
				1DA1B528279826B000BE257E /* AddCityViewController.swift in Sources */,
				1DA3182A2785C8AF00B1B1A3 /* ItemViewController.swift in Sources */,
				803C6C0F275E479C003E0761 /* AnimalsListViewController.swift in Sources */,
				803C6C01275E34E6003E0761 /* SinglCoreDataV1.xcdatamodeld in Sources */,
				8053B13627623D9E0072D793 /* CoreDataProvider.swift in Sources */,
				1DA85E272798141100870EB1 /* CityTableView.swift in Sources */,
				1DA85E23279811D900870EB1 /* CityViewController.swift in Sources */,
				1DA318332785D10000B1B1A3 /* ItemPresenter.swift in Sources */,
				8053B134275F9B930072D793 /* CoreData.swift in Sources */,
				1DF989052773673A00C93BB6 /* AnimalInteractor.swift in Sources */,
				1DF9890B2773679200C93BB6 /* AnimalProtocols.swift in Sources */,
			);
			runOnlyForDeploymentPostprocessing = 0;
		};
/* End PBXSourcesBuildPhase section */

/* Begin PBXVariantGroup section */
		803C6C04275E34E8003E0761 /* LaunchScreen.storyboard */ = {
			isa = PBXVariantGroup;
			children = (
				803C6C05275E34E8003E0761 /* Base */,
			);
			name = LaunchScreen.storyboard;
			sourceTree = "<group>";
		};
/* End PBXVariantGroup section */

/* Begin XCBuildConfiguration section */
		803C6C08275E34E8003E0761 /* Debug */ = {
			isa = XCBuildConfiguration;
			buildSettings = {
				ALWAYS_SEARCH_USER_PATHS = NO;
				CLANG_ANALYZER_NONNULL = YES;
				CLANG_ANALYZER_NUMBER_OBJECT_CONVERSION = YES_AGGRESSIVE;
				CLANG_CXX_LANGUAGE_STANDARD = "gnu++17";
				CLANG_CXX_LIBRARY = "libc++";
				CLANG_ENABLE_MODULES = YES;
				CLANG_ENABLE_OBJC_ARC = YES;
				CLANG_ENABLE_OBJC_WEAK = YES;
				CLANG_WARN_BLOCK_CAPTURE_AUTORELEASING = YES;
				CLANG_WARN_BOOL_CONVERSION = YES;
				CLANG_WARN_COMMA = YES;
				CLANG_WARN_CONSTANT_CONVERSION = YES;
				CLANG_WARN_DEPRECATED_OBJC_IMPLEMENTATIONS = YES;
				CLANG_WARN_DIRECT_OBJC_ISA_USAGE = YES_ERROR;
				CLANG_WARN_DOCUMENTATION_COMMENTS = YES;
				CLANG_WARN_EMPTY_BODY = YES;
				CLANG_WARN_ENUM_CONVERSION = YES;
				CLANG_WARN_INFINITE_RECURSION = YES;
				CLANG_WARN_INT_CONVERSION = YES;
				CLANG_WARN_NON_LITERAL_NULL_CONVERSION = YES;
				CLANG_WARN_OBJC_IMPLICIT_RETAIN_SELF = YES;
				CLANG_WARN_OBJC_LITERAL_CONVERSION = YES;
				CLANG_WARN_OBJC_ROOT_CLASS = YES_ERROR;
				CLANG_WARN_QUOTED_INCLUDE_IN_FRAMEWORK_HEADER = YES;
				CLANG_WARN_RANGE_LOOP_ANALYSIS = YES;
				CLANG_WARN_STRICT_PROTOTYPES = YES;
				CLANG_WARN_SUSPICIOUS_MOVE = YES;
				CLANG_WARN_UNGUARDED_AVAILABILITY = YES_AGGRESSIVE;
				CLANG_WARN_UNREACHABLE_CODE = YES;
				CLANG_WARN__DUPLICATE_METHOD_MATCH = YES;
				COPY_PHASE_STRIP = NO;
				DEBUG_INFORMATION_FORMAT = dwarf;
				ENABLE_STRICT_OBJC_MSGSEND = YES;
				ENABLE_TESTABILITY = YES;
				GCC_C_LANGUAGE_STANDARD = gnu11;
				GCC_DYNAMIC_NO_PIC = NO;
				GCC_NO_COMMON_BLOCKS = YES;
				GCC_OPTIMIZATION_LEVEL = 0;
				GCC_PREPROCESSOR_DEFINITIONS = (
					"DEBUG=1",
					"$(inherited)",
				);
				GCC_WARN_64_TO_32_BIT_CONVERSION = YES;
				GCC_WARN_ABOUT_RETURN_TYPE = YES_ERROR;
				GCC_WARN_UNDECLARED_SELECTOR = YES;
				GCC_WARN_UNINITIALIZED_AUTOS = YES_AGGRESSIVE;
				GCC_WARN_UNUSED_FUNCTION = YES;
				GCC_WARN_UNUSED_VARIABLE = YES;
				IPHONEOS_DEPLOYMENT_TARGET = 13.0;
				MTL_ENABLE_DEBUG_INFO = INCLUDE_SOURCE;
				MTL_FAST_MATH = YES;
				ONLY_ACTIVE_ARCH = YES;
				SDKROOT = iphoneos;
				SWIFT_ACTIVE_COMPILATION_CONDITIONS = DEBUG;
				SWIFT_OPTIMIZATION_LEVEL = "-Onone";
			};
			name = Debug;
		};
		803C6C09275E34E8003E0761 /* Release */ = {
			isa = XCBuildConfiguration;
			buildSettings = {
				ALWAYS_SEARCH_USER_PATHS = NO;
				CLANG_ANALYZER_NONNULL = YES;
				CLANG_ANALYZER_NUMBER_OBJECT_CONVERSION = YES_AGGRESSIVE;
				CLANG_CXX_LANGUAGE_STANDARD = "gnu++17";
				CLANG_CXX_LIBRARY = "libc++";
				CLANG_ENABLE_MODULES = YES;
				CLANG_ENABLE_OBJC_ARC = YES;
				CLANG_ENABLE_OBJC_WEAK = YES;
				CLANG_WARN_BLOCK_CAPTURE_AUTORELEASING = YES;
				CLANG_WARN_BOOL_CONVERSION = YES;
				CLANG_WARN_COMMA = YES;
				CLANG_WARN_CONSTANT_CONVERSION = YES;
				CLANG_WARN_DEPRECATED_OBJC_IMPLEMENTATIONS = YES;
				CLANG_WARN_DIRECT_OBJC_ISA_USAGE = YES_ERROR;
				CLANG_WARN_DOCUMENTATION_COMMENTS = YES;
				CLANG_WARN_EMPTY_BODY = YES;
				CLANG_WARN_ENUM_CONVERSION = YES;
				CLANG_WARN_INFINITE_RECURSION = YES;
				CLANG_WARN_INT_CONVERSION = YES;
				CLANG_WARN_NON_LITERAL_NULL_CONVERSION = YES;
				CLANG_WARN_OBJC_IMPLICIT_RETAIN_SELF = YES;
				CLANG_WARN_OBJC_LITERAL_CONVERSION = YES;
				CLANG_WARN_OBJC_ROOT_CLASS = YES_ERROR;
				CLANG_WARN_QUOTED_INCLUDE_IN_FRAMEWORK_HEADER = YES;
				CLANG_WARN_RANGE_LOOP_ANALYSIS = YES;
				CLANG_WARN_STRICT_PROTOTYPES = YES;
				CLANG_WARN_SUSPICIOUS_MOVE = YES;
				CLANG_WARN_UNGUARDED_AVAILABILITY = YES_AGGRESSIVE;
				CLANG_WARN_UNREACHABLE_CODE = YES;
				CLANG_WARN__DUPLICATE_METHOD_MATCH = YES;
				COPY_PHASE_STRIP = NO;
				DEBUG_INFORMATION_FORMAT = "dwarf-with-dsym";
				ENABLE_NS_ASSERTIONS = NO;
				ENABLE_STRICT_OBJC_MSGSEND = YES;
				GCC_C_LANGUAGE_STANDARD = gnu11;
				GCC_NO_COMMON_BLOCKS = YES;
				GCC_WARN_64_TO_32_BIT_CONVERSION = YES;
				GCC_WARN_ABOUT_RETURN_TYPE = YES_ERROR;
				GCC_WARN_UNDECLARED_SELECTOR = YES;
				GCC_WARN_UNINITIALIZED_AUTOS = YES_AGGRESSIVE;
				GCC_WARN_UNUSED_FUNCTION = YES;
				GCC_WARN_UNUSED_VARIABLE = YES;
				IPHONEOS_DEPLOYMENT_TARGET = 13.0;
				MTL_ENABLE_DEBUG_INFO = NO;
				MTL_FAST_MATH = YES;
				SDKROOT = iphoneos;
				SWIFT_COMPILATION_MODE = wholemodule;
				SWIFT_OPTIMIZATION_LEVEL = "-O";
				VALIDATE_PRODUCT = YES;
			};
			name = Release;
		};
		803C6C0B275E34E8003E0761 /* Debug */ = {
			isa = XCBuildConfiguration;
			baseConfigurationReference = AD3E76D363A2581604A91E12 /* Pods-SinglCoreDataV1.debug.xcconfig */;
			buildSettings = {
				ASSETCATALOG_COMPILER_APPICON_NAME = AppIcon;
				ASSETCATALOG_COMPILER_GLOBAL_ACCENT_COLOR_NAME = AccentColor;
				CODE_SIGN_STYLE = Automatic;
				CURRENT_PROJECT_VERSION = 1;
				DEVELOPMENT_TEAM = 7QWPMKUD6B;
				GENERATE_INFOPLIST_FILE = YES;
				INFOPLIST_FILE = SinglCoreDataV1/Info.plist;
				INFOPLIST_KEY_UIApplicationSupportsIndirectInputEvents = YES;
				INFOPLIST_KEY_UILaunchStoryboardName = LaunchScreen;
				INFOPLIST_KEY_UISupportedInterfaceOrientations_iPad = "UIInterfaceOrientationPortrait UIInterfaceOrientationPortraitUpsideDown UIInterfaceOrientationLandscapeLeft UIInterfaceOrientationLandscapeRight";
				INFOPLIST_KEY_UISupportedInterfaceOrientations_iPhone = "UIInterfaceOrientationPortrait UIInterfaceOrientationLandscapeLeft UIInterfaceOrientationLandscapeRight";
				LD_RUNPATH_SEARCH_PATHS = (
					"$(inherited)",
					"@executable_path/Frameworks",
				);
				MARKETING_VERSION = 1.0;
				PRODUCT_BUNDLE_IDENTIFIER = test.SinglCoreDataV1;
				PRODUCT_NAME = "$(TARGET_NAME)";
				SWIFT_EMIT_LOC_STRINGS = YES;
				SWIFT_VERSION = 5.0;
				TARGETED_DEVICE_FAMILY = 1;
			};
			name = Debug;
		};
		803C6C0C275E34E8003E0761 /* Release */ = {
			isa = XCBuildConfiguration;
			baseConfigurationReference = BFF86C4C76D625440CFE35C0 /* Pods-SinglCoreDataV1.release.xcconfig */;
			buildSettings = {
				ASSETCATALOG_COMPILER_APPICON_NAME = AppIcon;
				ASSETCATALOG_COMPILER_GLOBAL_ACCENT_COLOR_NAME = AccentColor;
				CODE_SIGN_STYLE = Automatic;
				CURRENT_PROJECT_VERSION = 1;
				DEVELOPMENT_TEAM = 7QWPMKUD6B;
				GENERATE_INFOPLIST_FILE = YES;
				INFOPLIST_FILE = SinglCoreDataV1/Info.plist;
				INFOPLIST_KEY_UIApplicationSupportsIndirectInputEvents = YES;
				INFOPLIST_KEY_UILaunchStoryboardName = LaunchScreen;
				INFOPLIST_KEY_UISupportedInterfaceOrientations_iPad = "UIInterfaceOrientationPortrait UIInterfaceOrientationPortraitUpsideDown UIInterfaceOrientationLandscapeLeft UIInterfaceOrientationLandscapeRight";
				INFOPLIST_KEY_UISupportedInterfaceOrientations_iPhone = "UIInterfaceOrientationPortrait UIInterfaceOrientationLandscapeLeft UIInterfaceOrientationLandscapeRight";
				LD_RUNPATH_SEARCH_PATHS = (
					"$(inherited)",
					"@executable_path/Frameworks",
				);
				MARKETING_VERSION = 1.0;
				PRODUCT_BUNDLE_IDENTIFIER = test.SinglCoreDataV1;
				PRODUCT_NAME = "$(TARGET_NAME)";
				SWIFT_EMIT_LOC_STRINGS = YES;
				SWIFT_VERSION = 5.0;
				TARGETED_DEVICE_FAMILY = 1;
			};
			name = Release;
		};
/* End XCBuildConfiguration section */

/* Begin XCConfigurationList section */
		803C6BEE275E34E6003E0761 /* Build configuration list for PBXProject "SinglCoreDataV1" */ = {
			isa = XCConfigurationList;
			buildConfigurations = (
				803C6C08275E34E8003E0761 /* Debug */,
				803C6C09275E34E8003E0761 /* Release */,
			);
			defaultConfigurationIsVisible = 0;
			defaultConfigurationName = Release;
		};
		803C6C0A275E34E8003E0761 /* Build configuration list for PBXNativeTarget "SinglCoreDataV1" */ = {
			isa = XCConfigurationList;
			buildConfigurations = (
				803C6C0B275E34E8003E0761 /* Debug */,
				803C6C0C275E34E8003E0761 /* Release */,
			);
			defaultConfigurationIsVisible = 0;
			defaultConfigurationName = Release;
		};
/* End XCConfigurationList section */

/* Begin XCVersionGroup section */
		803C6BFF275E34E6003E0761 /* SinglCoreDataV1.xcdatamodeld */ = {
			isa = XCVersionGroup;
			children = (
				803C6C00275E34E6003E0761 /* SinglCoreDataV1.xcdatamodel */,
			);
			currentVersion = 803C6C00275E34E6003E0761 /* SinglCoreDataV1.xcdatamodel */;
			path = SinglCoreDataV1.xcdatamodeld;
			sourceTree = "<group>";
			versionGroupType = wrapper.xcdatamodel;
		};
/* End XCVersionGroup section */
	};
	rootObject = 803C6BEB275E34E6003E0761 /* Project object */;
}
